
Microsoft Visual Studio Solution File, Format Version 12.00
# Visual Studio Version 18
VisualStudioVersion = 18.3.11222.16 d18.3
MinimumVisualStudioVersion = 10.0.40219.1
Project("{FAE04EC0-301F-11D3-BF4B-00C04F79EFBC}") = "FitnesAP", "FitnesAP\FitnesAP.csproj", "{F69DAEDD-4D56-4735-BB2E-A29F7BCA06EE}"
EndProject
Project("{2150E333-8FDC-42A3-9474-1A3956D46DE8}") = ".github", ".github", "{02EA681E-C7D8-13C7-8484-4AC65E1B71E8}"
EndProject
Project("{2150E333-8FDC-42A3-9474-1A3956D46DE8}") = "workflows", "workflows", "{7D938DF9-2950-4841-812B-9E9C87EE4265}"
	ProjectSection(SolutionItems) = preProject
		docker-build.yml = docker-build.yml
	EndProjectSection
EndProject
Project("{FAE04EC0-301F-11D3-BF4B-00C04F79EFBC}") = "FitnesAp_Tests", "FitnesAp_Tests\FitnesAp_Tests.csproj", "{A1C205F6-747C-4104-8D41-CBFA1919598D}"
EndProject
Global
	GlobalSection(SolutionConfigurationPlatforms) = preSolution
		Debug|Any CPU = Debug|Any CPU
		Release|Any CPU = Release|Any CPU
	EndGlobalSection
	GlobalSection(ProjectConfigurationPlatforms) = postSolution
		{F69DAEDD-4D56-4735-BB2E-A29F7BCA06EE}.Debug|Any CPU.ActiveCfg = Debug|Any CPU
		{F69DAEDD-4D56-4735-BB2E-A29F7BCA06EE}.Debug|Any CPU.Build.0 = Debug|Any CPU
		{F69DAEDD-4D56-4735-BB2E-A29F7BCA06EE}.Release|Any CPU.ActiveCfg = Release|Any CPU
		{F69DAEDD-4D56-4735-BB2E-A29F7BCA06EE}.Release|Any CPU.Build.0 = Release|Any CPU
		{A1C205F6-747C-4104-8D41-CBFA1919598D}.Debug|Any CPU.ActiveCfg = Debug|Any CPU
		{A1C205F6-747C-4104-8D41-CBFA1919598D}.Debug|Any CPU.Build.0 = Debug|Any CPU
		{A1C205F6-747C-4104-8D41-CBFA1919598D}.Release|Any CPU.ActiveCfg = Release|Any CPU
		{A1C205F6-747C-4104-8D41-CBFA1919598D}.Release|Any CPU.Build.0 = Release|Any CPU
	EndGlobalSection
	GlobalSection(SolutionProperties) = preSolution
		HideSolutionNode = FALSE
	EndGlobalSection
	GlobalSection(NestedProjects) = preSolution
		{7D938DF9-2950-4841-812B-9E9C87EE4265} = {02EA681E-C7D8-13C7-8484-4AC65E1B71E8}
	EndGlobalSection
	GlobalSection(ExtensibilityGlobals) = postSolution
		SolutionGuid = {A847018A-BA90-4350-81ED-3E4195A8AD51}
	EndGlobalSection
EndGlobal
